
Microsoft Visual Studio Solution File, Format Version 12.00
# Visual Studio Version 17
VisualStudioVersion = 17.0.32112.339
MinimumVisualStudioVersion = 10.0.40219.1
Project("{FAE04EC0-301F-11D3-BF4B-00C04F79EFBC}") = "ChatService", "ChatService\ChatService.csproj", "{11FB41F9-0BC1-4BF4-A1E8-074B517FF272}"
EndProject
Global
	GlobalSection(SolutionConfigurationPlatforms) = preSolution
		Debug|Any CPU = Debug|Any CPU
		Release|Any CPU = Release|Any CPU
	EndGlobalSection
	GlobalSection(ProjectConfigurationPlatforms) = postSolution
		{11FB41F9-0BC1-4BF4-A1E8-074B517FF272}.Debug|Any CPU.ActiveCfg = Debug|Any CPU
		{11FB41F9-0BC1-4BF4-A1E8-074B517FF272}.Debug|Any CPU.Build.0 = Debug|Any CPU
		{11FB41F9-0BC1-4BF4-A1E8-074B517FF272}.Release|Any CPU.ActiveCfg = Release|Any CPU
		{11FB41F9-0BC1-4BF4-A1E8-074B517FF272}.Release|Any CPU.Build.0 = Release|Any CPU
	EndGlobalSection
	GlobalSection(SolutionProperties) = preSolution
		HideSolutionNode = FALSE
	EndGlobalSection
	GlobalSection(ExtensibilityGlobals) = postSolution
		SolutionGuid = {7F7DD206-6CA0-422C-96F3-E08D80955D8D}
	EndGlobalSection
EndGlobal
